// !$*UTF8*$!
{
	archiveVersion = 1;
	classes = {
	};
	objectVersion = 56;
	objects = {

/* Begin PBXBuildFile section */
		016A0BECA2EF4D429D7CDD52 /* Localizable.xcstrings in Resources */ = {isa = PBXBuildFile; fileRef = FFDCD37B58804BBBA8374EEE /* Localizable.xcstrings */; };
		02557DF681104359A618802C /* FamilyPermission.swift in Sources */ = {isa = PBXBuildFile; fileRef = 1AB73C8E420F4E7F8CE61852 /* FamilyPermission.swift */; };
		037C45843DB04956A0327D19 /* MainTabContainer.swift in Sources */ = {isa = PBXBuildFile; fileRef = AD6451EDDE054E18959A1DA2 /* MainTabContainer.swift */; };
		03DA76FD55F247DFA877C2FA /* SplashView.swift in Sources */ = {isa = PBXBuildFile; fileRef = 951ACC913A1E46B8AC9F9232 /* SplashView.swift */; };
		050306AF54B94C7F8A81F901 /* MealPlanEntry.swift in Sources */ = {isa = PBXBuildFile; fileRef = 42BC4480B6CA4A43B35FC91B /* MealPlanEntry.swift */; };
		0FEF33B016C6496BA9654921 /* Supabase in Frameworks */ = {isa = PBXBuildFile; productRef = B7B7056AAFC64E8A9BC4C390 /* Supabase */; };
		1878DEB47B9247BDB3F1E620 /* AppGroup.swift in Sources */ = {isa = PBXBuildFile; fileRef = 202E00A15A424A9A93A50BB4 /* AppGroup.swift */; };
		1F203A852CD44382BD1B3E3D /* DataSync.swift in Sources */ = {isa = PBXBuildFile; fileRef = 72977E789C9D448AAA6E0026 /* DataSync.swift */; };
		241E90A305BF4BCEB8B36200 /* ALIBottomBar.swift in Sources */ = {isa = PBXBuildFile; fileRef = 98A29B092FC640EBAFCBF626 /* ALIBottomBar.swift */; };
		261CCC2A3EF844F6836C18DB /* EconomiaStatsScreen.swift in Sources */ = {isa = PBXBuildFile; fileRef = 65B855A8DE744B6194F71896 /* EconomiaStatsScreen.swift */; };
		29C930058E2F4706935D74D3 /* QRScannerView.swift in Sources */ = {isa = PBXBuildFile; fileRef = F3194DDA8E874D48AB1C8AD2 /* QRScannerView.swift */; };
		2A347D95CF92434C93B3B9D5 /* PaywallView.swift in Sources */ = {isa = PBXBuildFile; fileRef = 1B73EEF76B2143A8945B204F /* PaywallView.swift */; };
		2D3C6B18635C4613A46A3FA8 /* FamilyCalendarScreen.swift in Sources */ = {isa = PBXBuildFile; fileRef = C7B27A0FD7044463B3AADBC1 /* FamilyCalendarScreen.swift */; };
		3064043252C946E088893D0A /* AliaroWordmark.swift in Sources */ = {isa = PBXBuildFile; fileRef = 3241F73CBDE44D24A9D4BEA8 /* AliaroWordmark.swift */; };
		34D455782F3740A0A9E24C08 /* FamilyService.swift in Sources */ = {isa = PBXBuildFile; fileRef = 19676F5FC41843C88452F8CA /* FamilyService.swift */; };
		35C4F66CD7284D678EE72EC9 /* FamilyOnboardingView.swift in Sources */ = {isa = PBXBuildFile; fileRef = E0AE4B0BD601433193C510CD /* FamilyOnboardingView.swift */; };
		3767B1DE764341D3A9BAB0EC /* ShoppingList.swift in Sources */ = {isa = PBXBuildFile; fileRef = 9188170E472443DA97A6555E /* ShoppingList.swift */; };
		37CD90E60ADD465DA2BFE180 /* PremiumFeature.swift in Sources */ = {isa = PBXBuildFile; fileRef = 2C26F4B0104240CA867E499C /* PremiumFeature.swift */; };
		384F25A4258E49C8A09A3013 /* HistorialSheet.swift in Sources */ = {isa = PBXBuildFile; fileRef = 989E50684B514ADF82EA065F /* HistorialSheet.swift */; };
		39FEF7CE34694A988A0BC0CA /* ShoppingListEntry.swift in Sources */ = {isa = PBXBuildFile; fileRef = B4C0D252AB314DE281C8998C /* ShoppingListEntry.swift */; };
		3C06D45B3E7D490F967A3B54 /* FamilyEvent.swift in Sources */ = {isa = PBXBuildFile; fileRef = 58981245DEFF45DFBB75102F /* FamilyEvent.swift */; };
		4226FC95F44C4CB28DA0F013 /* AppGroup.swift in Sources */ = {isa = PBXBuildFile; fileRef = 202E00A15A424A9A93A50BB4 /* AppGroup.swift */; };
		44C8E9540A5941E8ABE82C33 /* WidgetSnapshot.swift in Sources */ = {isa = PBXBuildFile; fileRef = 3FCC1D686C504959BCC2F3DD /* WidgetSnapshot.swift */; };
		480BC50DA5B14BAA823BF8C7 /* AddExpenseSheet.swift in Sources */ = {isa = PBXBuildFile; fileRef = 1930B3A3BBDB43C5BDE9FA58 /* AddExpenseSheet.swift */; };
		4AABC52C77224138B14984D3 /* InviteLink.swift in Sources */ = {isa = PBXBuildFile; fileRef = AA979B7C51B44ED081140E61 /* InviteLink.swift */; };
		4C8751468E654CB88F89E41B /* Dish.swift in Sources */ = {isa = PBXBuildFile; fileRef = E3B888FD1E8B4334A3C85A0A /* Dish.swift */; };
		56823178305C83AE004FC890 /* StoreKit.framework in Frameworks */ = {isa = PBXBuildFile; fileRef = 56823177305C83AD004FC890 /* StoreKit.framework */; };
		5E830FDF0E83431B91A52E9B /* ExpenseCategory.swift in Sources */ = {isa = PBXBuildFile; fileRef = 06F02798BF3B4CE39E2D5582 /* ExpenseCategory.swift */; };
		5F2B9ABB70E84CD295F76D38 /* PremiumManager.swift in Sources */ = {isa = PBXBuildFile; fileRef = 38FFD0065B5B4FC799DDA788 /* PremiumManager.swift */; };
		616E9D31826445C4860641D9 /* FamilySession.swift in Sources */ = {isa = PBXBuildFile; fileRef = 716B6CB98E2A437598879BDD /* FamilySession.swift */; };
		63BB2FA51F1648D9A985CDC1 /* AddToShoppingListSheet.swift in Sources */ = {isa = PBXBuildFile; fileRef = E1966CE56EEC469BA91A6592 /* AddToShoppingListSheet.swift */; };
		648B27B9EFE44DF0826D13FB /* RemindersWidget.swift in Sources */ = {isa = PBXBuildFile; fileRef = D6AE697463404CD5818E5ABE /* RemindersWidget.swift */; };
		6972716B9FDB4B22B61E4389 /* FamilyMember.swift in Sources */ = {isa = PBXBuildFile; fileRef = 0618D5D96C064818B115E1DC /* FamilyMember.swift */; };
		6A7A5D52F04444C2A0C8D531 /* RemoteSync.swift in Sources */ = {isa = PBXBuildFile; fileRef = 12363BF580E045A8B8C4B0B6 /* RemoteSync.swift */; };
		6C643BE58A6844249A43667B /* SyncReminderSheet.swift in Sources */ = {isa = PBXBuildFile; fileRef = D29B87CA0CD94D3ABF1E04EA /* SyncReminderSheet.swift */; };
		6FC97B321A564E91ADB8195D /* AddHouseTaskSheet.swift in Sources */ = {isa = PBXBuildFile; fileRef = 50450113098849599E44F889 /* AddHouseTaskSheet.swift */; };
		70D4C414F9C44EDE86182357 /* ALIColors.swift in Sources */ = {isa = PBXBuildFile; fileRef = 64CE33FAEAA347108B51E3D3 /* ALIColors.swift */; };
		740AED5CC073498EB01897F1 /* AppIntroView.swift in Sources */ = {isa = PBXBuildFile; fileRef = 2916850968524D0182F92F32 /* AppIntroView.swift */; };
		74BB8D839C1C445FB42DB991 /* Reminder.swift in Sources */ = {isa = PBXBuildFile; fileRef = E150D9A69DF14649ABE87245 /* Reminder.swift */; };
		75D9B0A76ACF46E096887DD5 /* AppFeaturesSheet.swift in Sources */ = {isa = PBXBuildFile; fileRef = 341F1E438AC94EFBA7ECCD8C /* AppFeaturesSheet.swift */; };
		7646962431434B0283F5C300 /* AliaroApp.swift in Sources */ = {isa = PBXBuildFile; fileRef = 8FA9B62DD3D0482A9196F6F5 /* AliaroApp.swift */; };
		77C0B734D89D426EA2921CE0 /* AliaroWidgetsBundle.swift in Sources */ = {isa = PBXBuildFile; fileRef = 675708E4CB3B4FC1B5CB0E16 /* AliaroWidgetsBundle.swift */; };
		7BFB984B183B4FCAB2221985 /* EditDayMealsSheet.swift in Sources */ = {isa = PBXBuildFile; fileRef = 87D94AEBF0F641DA95C52B25 /* EditDayMealsSheet.swift */; };
		7D497E2BC09842BD8AB10CBB /* ALIComponents.swift in Sources */ = {isa = PBXBuildFile; fileRef = 3F9AC1CD956B467AACAAB74B /* ALIComponents.swift */; };
		81FC6452FCD146E59A8F1477 /* PushNotificationManager.swift in Sources */ = {isa = PBXBuildFile; fileRef = F1AA0A046778445ABE8DF405 /* PushNotificationManager.swift */; };
		84EB5634A8F143B1B3C357C6 /* HouseTasksScreen.swift in Sources */ = {isa = PBXBuildFile; fileRef = 1D813528E2634BFE87B83D51 /* HouseTasksScreen.swift */; };
		8F3F1123F36E4F96BDC7FE0E /* InviteQRSheet.swift in Sources */ = {isa = PBXBuildFile; fileRef = C5388AF792D44C60929AB417 /* InviteQRSheet.swift */; };
		94A578B2335E423DA118B5F8 /* EconomiaScreen.swift in Sources */ = {isa = PBXBuildFile; fileRef = D9EBC0D88CD4448DA3449399 /* EconomiaScreen.swift */; };
		9834DC4227014654B1F1C94A /* AuthSession.swift in Sources */ = {isa = PBXBuildFile; fileRef = C712AA2627244194A0865395 /* AuthSession.swift */; };
		9F61F16C9B304EFC99275534 /* HouseTaskDetailSheet.swift in Sources */ = {isa = PBXBuildFile; fileRef = E8D2F82FAD914AD09D832C3F /* HouseTaskDetailSheet.swift */; };
		A1DF75307CC64758874AE7DA /* TodayMenuWidget.swift in Sources */ = {isa = PBXBuildFile; fileRef = 5D3E2B532DA1421690CEB486 /* TodayMenuWidget.swift */; };
		AA25596E2B444B859D619A74 /* HouseTaskLog.swift in Sources */ = {isa = PBXBuildFile; fileRef = F0928A97FAD648A7A7E9BECE /* HouseTaskLog.swift */; };
		AE1640165193432882F90258 /* SelectDishSheet.swift in Sources */ = {isa = PBXBuildFile; fileRef = C696421110CA4B83AE4EFD42 /* SelectDishSheet.swift */; };
		AE606C87A0D54D4A8EBE22B8 /* JoinByCodeSheet.swift in Sources */ = {isa = PBXBuildFile; fileRef = 0DF77F4ABC1B43A4BB5012B0 /* JoinByCodeSheet.swift */; };
		AFEC69368D7B45F19B2E0B2F /* HouseTask.swift in Sources */ = {isa = PBXBuildFile; fileRef = 7A1F80C5F07843129C20FA91 /* HouseTask.swift */; };
		B0997E22B1374EDAB6D20315 /* HouseTasksCalendarView.swift in Sources */ = {isa = PBXBuildFile; fileRef = AF14E4F4E3454466B70CE81D /* HouseTasksCalendarView.swift */; };
		B2C13CDEED4E49A9B9C21F62 /* JoinByQRSheet.swift in Sources */ = {isa = PBXBuildFile; fileRef = A49D4CCF54374904A0FC2274 /* JoinByQRSheet.swift */; };
		B74E9A12A0554319A84A9AD8 /* AppTab.swift in Sources */ = {isa = PBXBuildFile; fileRef = C6615CE9183243A198876894 /* AppTab.swift */; };
		B825FF90215046208AFD7469 /* Supabase.swift in Sources */ = {isa = PBXBuildFile; fileRef = 574D8A2B44974D6C841764A7 /* Supabase.swift */; };
		B9301CAE5CCB4BEABFB1E016 /* DebugMockData.swift in Sources */ = {isa = PBXBuildFile; fileRef = 6D09CEADFD6347CEA3B0B383 /* DebugMockData.swift */; };
		BEDB22B44C7343F68369B085 /* PeopleScreen.swift in Sources */ = {isa = PBXBuildFile; fileRef = B11A24A774FB4AB8B721534B /* PeopleScreen.swift */; };
		C13ADA6F978B4B4CAC3F621D /* ContentView.swift in Sources */ = {isa = PBXBuildFile; fileRef = CA45D9A9762444BF935F28BE /* ContentView.swift */; };
		C259D4E667334971A82C45A1 /* LoginSheet.swift in Sources */ = {isa = PBXBuildFile; fileRef = 4B867194FD2E4A4BBF87109E /* LoginSheet.swift */; };
		C291EB5035B8452DB9AA66C4 /* SupabaseConfig.swift in Sources */ = {isa = PBXBuildFile; fileRef = AD745CA6128742F58ABE329F /* SupabaseConfig.swift */; };
		C51AE572532D4E1EB5E9859C /* Assets.xcassets in Resources */ = {isa = PBXBuildFile; fileRef = 55B8BA9AEDC3444BBBF403D9 /* Assets.xcassets */; };
		C6485C610FEF4D0C88F39E6A /* FamilyCalendarMonthView.swift in Sources */ = {isa = PBXBuildFile; fileRef = B77301A3AC8942BCAEE5E6EA /* FamilyCalendarMonthView.swift */; };
		C682F262286A458EAC93CB2C /* CreateFamilySheet.swift in Sources */ = {isa = PBXBuildFile; fileRef = 864CE2F4A6C44E61A8218D24 /* CreateFamilySheet.swift */; };
		CF488043869D4CA3866C9397 /* GroceryItem.swift in Sources */ = {isa = PBXBuildFile; fileRef = 98A50B1E519945218B70C108 /* GroceryItem.swift */; };
		D0D67F3DE22A4E7492F20D7C /* PremiumConfig.swift in Sources */ = {isa = PBXBuildFile; fileRef = CC62320D35F94C989A9CDC19 /* PremiumConfig.swift */; };
		D10069D1689D4EB488C19A00 /* WeeklyMenu+Support.swift in Sources */ = {isa = PBXBuildFile; fileRef = F98D1373186743C3AE6F84AF /* WeeklyMenu+Support.swift */; };
		D567634374DA4748B3373FA1 /* MemberPermissionsSheet.swift in Sources */ = {isa = PBXBuildFile; fileRef = 8BA4F8AC06884B71BF724C9D /* MemberPermissionsSheet.swift */; };
		D7ABEC4DEDC24A1BAD5D8C2D /* RemindersScreen.swift in Sources */ = {isa = PBXBuildFile; fileRef = B452D239D2904C60BFF5B3D0 /* RemindersScreen.swift */; };
		DB0B53D8EAEB4050AC09628B /* FamilyCalendarWidget.swift in Sources */ = {isa = PBXBuildFile; fileRef = B1ADF3C5691B4135A6A9B04B /* FamilyCalendarWidget.swift */; };
		DC5494D2046A48F9A263DB7C /* WeeklyMenuScreen.swift in Sources */ = {isa = PBXBuildFile; fileRef = 6FD7A5D39BAA4D4D8BBADBF3 /* WeeklyMenuScreen.swift */; };
		DD1BC5C67ACB4AF2832AFF18 /* WidgetSnapshotWriter.swift in Sources */ = {isa = PBXBuildFile; fileRef = 40A5026E90994D8CA07BF1C8 /* WidgetSnapshotWriter.swift */; };
		E04E8A33067F49ADA469A788 /* AddReminderSheet.swift in Sources */ = {isa = PBXBuildFile; fileRef = 52FB442A1C0E4430A51C441E /* AddReminderSheet.swift */; };
		E0D24CD2A820452789DA5362 /* ALITypography.swift in Sources */ = {isa = PBXBuildFile; fileRef = FBA77C170E3042E6B2A6A4C9 /* ALITypography.swift */; };
		E0E72A52AA6C4FC2BCB6758B /* AddFamilyEventSheet.swift in Sources */ = {isa = PBXBuildFile; fileRef = 41040D8EC3AC4618A560C961 /* AddFamilyEventSheet.swift */; };
		E5CC3E773ACB4A92ACAA43C7 /* NameEntrySheet.swift in Sources */ = {isa = PBXBuildFile; fileRef = A113E026BD26481B99E134F8 /* NameEntrySheet.swift */; };
		EB3430E128264AAB9D99A476 /* ActivityLogEntry.swift in Sources */ = {isa = PBXBuildFile; fileRef = 90EF3377C965474796E5B4C9 /* ActivityLogEntry.swift */; };
		F19EE820377F41EBA38F16E6 /* Expense.swift in Sources */ = {isa = PBXBuildFile; fileRef = 1C6D3F4EE1E54D8E857C1CA2 /* Expense.swift */; };
		F409A44400EA4A9491D48DBE /* AliaroWidgetsExtension.appex in Embed Foundation Extensions */ = {isa = PBXBuildFile; fileRef = E3BA4BEAFA634ABCADBD26C5 /* AliaroWidgetsExtension.appex */; settings = {ATTRIBUTES = (RemoveHeadersOnCopy, ); }; };
		F80EFFF8EA38430EB653D237 /* ShoppingListScreen.swift in Sources */ = {isa = PBXBuildFile; fileRef = 6B4986E5D8774DE6834C082F /* ShoppingListScreen.swift */; };
		FC063E9FF5C1427A9CFBB21B /* SubscriptionManager.swift in Sources */ = {isa = PBXBuildFile; fileRef = 9146362A6E6A4035A9F7061A /* SubscriptionManager.swift */; };
		FCDD9441683A423F95D123C5 /* WidgetSnapshot.swift in Sources */ = {isa = PBXBuildFile; fileRef = 3FCC1D686C504959BCC2F3DD /* WidgetSnapshot.swift */; };
/* End PBXBuildFile section */

/* Begin PBXContainerItemProxy section */
		6E4058B56FBB42DBB2DC3B6D /* PBXContainerItemProxy */ = {
			isa = PBXContainerItemProxy;
			containerPortal = 67AEB043F83D46DAB3BD4FBB /* Project object */;
			proxyType = 1;
			remoteGlobalIDString = 50A3FCBD0B734C24A8BBA281;
			remoteInfo = AliaroWidgetsExtension;
		};
/* End PBXContainerItemProxy section */

/* Begin PBXCopyFilesBuildPhase section */
		B10B66607ABC48508BE2E24E /* Embed Foundation Extensions */ = {
			isa = PBXCopyFilesBuildPhase;
			buildActionMask = 2147483647;
			dstPath = "";
			dstSubfolderSpec = 13;
			files = (
				F409A44400EA4A9491D48DBE /* AliaroWidgetsExtension.appex in Embed Foundation Extensions */,
			);
			name = "Embed Foundation Extensions";
			runOnlyForDeploymentPostprocessing = 0;
		};
/* End PBXCopyFilesBuildPhase section */

/* Begin PBXFileReference section */
		0618D5D96C064818B115E1DC /* FamilyMember.swift */ = {isa = PBXFileReference; lastKnownFileType = sourcecode.swift; path = FamilyMember.swift; sourceTree = "<group>"; };
		06F02798BF3B4CE39E2D5582 /* ExpenseCategory.swift */ = {isa = PBXFileReference; lastKnownFileType = sourcecode.swift; path = ExpenseCategory.swift; sourceTree = "<group>"; };
		0DF77F4ABC1B43A4BB5012B0 /* JoinByCodeSheet.swift */ = {isa = PBXFileReference; lastKnownFileType = sourcecode.swift; path = JoinByCodeSheet.swift; sourceTree = "<group>"; };
		0E4758F79B9B44A68FEC9A89 /* Products.storekit */ = {isa = PBXFileReference; lastKnownFileType = text; path = Products.storekit; sourceTree = "<group>"; };
		12363BF580E045A8B8C4B0B6 /* RemoteSync.swift */ = {isa = PBXFileReference; lastKnownFileType = sourcecode.swift; path = RemoteSync.swift; sourceTree = "<group>"; };
		1930B3A3BBDB43C5BDE9FA58 /* AddExpenseSheet.swift */ = {isa = PBXFileReference; lastKnownFileType = sourcecode.swift; path = AddExpenseSheet.swift; sourceTree = "<group>"; };
		19676F5FC41843C88452F8CA /* FamilyService.swift */ = {isa = PBXFileReference; lastKnownFileType = sourcecode.swift; path = FamilyService.swift; sourceTree = "<group>"; };
		1AB73C8E420F4E7F8CE61852 /* FamilyPermission.swift */ = {isa = PBXFileReference; lastKnownFileType = sourcecode.swift; path = FamilyPermission.swift; sourceTree = "<group>"; };
		1B73EEF76B2143A8945B204F /* PaywallView.swift */ = {isa = PBXFileReference; lastKnownFileType = sourcecode.swift; path = PaywallView.swift; sourceTree = "<group>"; };
		1C6D3F4EE1E54D8E857C1CA2 /* Expense.swift */ = {isa = PBXFileReference; lastKnownFileType = sourcecode.swift; path = Expense.swift; sourceTree = "<group>"; };
		1D813528E2634BFE87B83D51 /* HouseTasksScreen.swift */ = {isa = PBXFileReference; lastKnownFileType = sourcecode.swift; path = HouseTasksScreen.swift; sourceTree = "<group>"; };
		202E00A15A424A9A93A50BB4 /* AppGroup.swift */ = {isa = PBXFileReference; lastKnownFileType = sourcecode.swift; path = AppGroup.swift; sourceTree = "<group>"; };
		2916850968524D0182F92F32 /* AppIntroView.swift */ = {isa = PBXFileReference; lastKnownFileType = sourcecode.swift; path = AppIntroView.swift; sourceTree = "<group>"; };
		2C26F4B0104240CA867E499C /* PremiumFeature.swift */ = {isa = PBXFileReference; lastKnownFileType = sourcecode.swift; path = PremiumFeature.swift; sourceTree = "<group>"; };
		3241F73CBDE44D24A9D4BEA8 /* AliaroWordmark.swift */ = {isa = PBXFileReference; lastKnownFileType = sourcecode.swift; path = AliaroWordmark.swift; sourceTree = "<group>"; };
		341F1E438AC94EFBA7ECCD8C /* AppFeaturesSheet.swift */ = {isa = PBXFileReference; lastKnownFileType = sourcecode.swift; path = AppFeaturesSheet.swift; sourceTree = "<group>"; };
		38FFD0065B5B4FC799DDA788 /* PremiumManager.swift */ = {isa = PBXFileReference; lastKnownFileType = sourcecode.swift; path = PremiumManager.swift; sourceTree = "<group>"; };
		3F9AC1CD956B467AACAAB74B /* ALIComponents.swift */ = {isa = PBXFileReference; lastKnownFileType = sourcecode.swift; path = ALIComponents.swift; sourceTree = "<group>"; };
		3FCC1D686C504959BCC2F3DD /* WidgetSnapshot.swift */ = {isa = PBXFileReference; lastKnownFileType = sourcecode.swift; path = WidgetSnapshot.swift; sourceTree = "<group>"; };
		40A5026E90994D8CA07BF1C8 /* WidgetSnapshotWriter.swift */ = {isa = PBXFileReference; lastKnownFileType = sourcecode.swift; path = WidgetSnapshotWriter.swift; sourceTree = "<group>"; };
		41040D8EC3AC4618A560C961 /* AddFamilyEventSheet.swift */ = {isa = PBXFileReference; lastKnownFileType = sourcecode.swift; path = AddFamilyEventSheet.swift; sourceTree = "<group>"; };
		42BC4480B6CA4A43B35FC91B /* MealPlanEntry.swift */ = {isa = PBXFileReference; lastKnownFileType = sourcecode.swift; path = MealPlanEntry.swift; sourceTree = "<group>"; };
		4B867194FD2E4A4BBF87109E /* LoginSheet.swift */ = {isa = PBXFileReference; lastKnownFileType = sourcecode.swift; path = LoginSheet.swift; sourceTree = "<group>"; };
		50450113098849599E44F889 /* AddHouseTaskSheet.swift */ = {isa = PBXFileReference; lastKnownFileType = sourcecode.swift; path = AddHouseTaskSheet.swift; sourceTree = "<group>"; };
		52FB442A1C0E4430A51C441E /* AddReminderSheet.swift */ = {isa = PBXFileReference; lastKnownFileType = sourcecode.swift; path = AddReminderSheet.swift; sourceTree = "<group>"; };
		55B8BA9AEDC3444BBBF403D9 /* Assets.xcassets */ = {isa = PBXFileReference; lastKnownFileType = folder.assetcatalog; path = Assets.xcassets; sourceTree = "<group>"; };
		56823177305C83AD004FC890 /* StoreKit.framework */ = {isa = PBXFileReference; lastKnownFileType = wrapper.framework; name = StoreKit.framework; path = System/Library/Frameworks/StoreKit.framework; sourceTree = SDKROOT; };
		574D8A2B44974D6C841764A7 /* Supabase.swift */ = {isa = PBXFileReference; lastKnownFileType = sourcecode.swift; path = Supabase.swift; sourceTree = "<group>"; };
		58981245DEFF45DFBB75102F /* FamilyEvent.swift */ = {isa = PBXFileReference; lastKnownFileType = sourcecode.swift; path = FamilyEvent.swift; sourceTree = "<group>"; };
		5D3E2B532DA1421690CEB486 /* TodayMenuWidget.swift */ = {isa = PBXFileReference; lastKnownFileType = sourcecode.swift; path = TodayMenuWidget.swift; sourceTree = "<group>"; };
		64CE33FAEAA347108B51E3D3 /* ALIColors.swift */ = {isa = PBXFileReference; lastKnownFileType = sourcecode.swift; path = ALIColors.swift; sourceTree = "<group>"; };
		65B855A8DE744B6194F71896 /* EconomiaStatsScreen.swift */ = {isa = PBXFileReference; lastKnownFileType = sourcecode.swift; path = EconomiaStatsScreen.swift; sourceTree = "<group>"; };
		675708E4CB3B4FC1B5CB0E16 /* AliaroWidgetsBundle.swift */ = {isa = PBXFileReference; lastKnownFileType = sourcecode.swift; path = AliaroWidgetsBundle.swift; sourceTree = "<group>"; };
		6B4986E5D8774DE6834C082F /* ShoppingListScreen.swift */ = {isa = PBXFileReference; lastKnownFileType = sourcecode.swift; path = ShoppingListScreen.swift; sourceTree = "<group>"; };
		6D09CEADFD6347CEA3B0B383 /* DebugMockData.swift */ = {isa = PBXFileReference; lastKnownFileType = sourcecode.swift; path = DebugMockData.swift; sourceTree = "<group>"; };
		6FD7A5D39BAA4D4D8BBADBF3 /* WeeklyMenuScreen.swift */ = {isa = PBXFileReference; lastKnownFileType = sourcecode.swift; path = WeeklyMenuScreen.swift; sourceTree = "<group>"; };
		716B6CB98E2A437598879BDD /* FamilySession.swift */ = {isa = PBXFileReference; lastKnownFileType = sourcecode.swift; path = FamilySession.swift; sourceTree = "<group>"; };
		72977E789C9D448AAA6E0026 /* DataSync.swift */ = {isa = PBXFileReference; lastKnownFileType = sourcecode.swift; path = DataSync.swift; sourceTree = "<group>"; };
		7A1F80C5F07843129C20FA91 /* HouseTask.swift */ = {isa = PBXFileReference; lastKnownFileType = sourcecode.swift; path = HouseTask.swift; sourceTree = "<group>"; };
		864CE2F4A6C44E61A8218D24 /* CreateFamilySheet.swift */ = {isa = PBXFileReference; lastKnownFileType = sourcecode.swift; path = CreateFamilySheet.swift; sourceTree = "<group>"; };
		87D94AEBF0F641DA95C52B25 /* EditDayMealsSheet.swift */ = {isa = PBXFileReference; lastKnownFileType = sourcecode.swift; path = EditDayMealsSheet.swift; sourceTree = "<group>"; };
		8BA4F8AC06884B71BF724C9D /* MemberPermissionsSheet.swift */ = {isa = PBXFileReference; lastKnownFileType = sourcecode.swift; path = MemberPermissionsSheet.swift; sourceTree = "<group>"; };
		8FA9B62DD3D0482A9196F6F5 /* AliaroApp.swift */ = {isa = PBXFileReference; lastKnownFileType = sourcecode.swift; path = AliaroApp.swift; sourceTree = "<group>"; };
		90EF3377C965474796E5B4C9 /* ActivityLogEntry.swift */ = {isa = PBXFileReference; lastKnownFileType = sourcecode.swift; path = ActivityLogEntry.swift; sourceTree = "<group>"; };
		9146362A6E6A4035A9F7061A /* SubscriptionManager.swift */ = {isa = PBXFileReference; lastKnownFileType = sourcecode.swift; path = SubscriptionManager.swift; sourceTree = "<group>"; };
		9188170E472443DA97A6555E /* ShoppingList.swift */ = {isa = PBXFileReference; lastKnownFileType = sourcecode.swift; path = ShoppingList.swift; sourceTree = "<group>"; };
		951ACC913A1E46B8AC9F9232 /* SplashView.swift */ = {isa = PBXFileReference; lastKnownFileType = sourcecode.swift; path = SplashView.swift; sourceTree = "<group>"; };
		952CEE3A8D684761BA187334 /* Info.plist */ = {isa = PBXFileReference; lastKnownFileType = text.plist.xml; path = Info.plist; sourceTree = "<group>"; };
		989E50684B514ADF82EA065F /* HistorialSheet.swift */ = {isa = PBXFileReference; lastKnownFileType = sourcecode.swift; path = HistorialSheet.swift; sourceTree = "<group>"; };
		98A29B092FC640EBAFCBF626 /* ALIBottomBar.swift */ = {isa = PBXFileReference; lastKnownFileType = sourcecode.swift; path = ALIBottomBar.swift; sourceTree = "<group>"; };
		98A50B1E519945218B70C108 /* GroceryItem.swift */ = {isa = PBXFileReference; lastKnownFileType = sourcecode.swift; path = GroceryItem.swift; sourceTree = "<group>"; };
		A113E026BD26481B99E134F8 /* NameEntrySheet.swift */ = {isa = PBXFileReference; lastKnownFileType = sourcecode.swift; path = NameEntrySheet.swift; sourceTree = "<group>"; };
		A49D4CCF54374904A0FC2274 /* JoinByQRSheet.swift */ = {isa = PBXFileReference; lastKnownFileType = sourcecode.swift; path = JoinByQRSheet.swift; sourceTree = "<group>"; };
		AA979B7C51B44ED081140E61 /* InviteLink.swift */ = {isa = PBXFileReference; lastKnownFileType = sourcecode.swift; path = InviteLink.swift; sourceTree = "<group>"; };
		AD6451EDDE054E18959A1DA2 /* MainTabContainer.swift */ = {isa = PBXFileReference; lastKnownFileType = sourcecode.swift; path = MainTabContainer.swift; sourceTree = "<group>"; };
		AD745CA6128742F58ABE329F /* SupabaseConfig.swift */ = {isa = PBXFileReference; lastKnownFileType = sourcecode.swift; path = SupabaseConfig.swift; sourceTree = "<group>"; };
		AF14E4F4E3454466B70CE81D /* HouseTasksCalendarView.swift */ = {isa = PBXFileReference; lastKnownFileType = sourcecode.swift; path = HouseTasksCalendarView.swift; sourceTree = "<group>"; };
		B11A24A774FB4AB8B721534B /* PeopleScreen.swift */ = {isa = PBXFileReference; lastKnownFileType = sourcecode.swift; path = PeopleScreen.swift; sourceTree = "<group>"; };
		B1ADF3C5691B4135A6A9B04B /* FamilyCalendarWidget.swift */ = {isa = PBXFileReference; lastKnownFileType = sourcecode.swift; path = FamilyCalendarWidget.swift; sourceTree = "<group>"; };
		B452D239D2904C60BFF5B3D0 /* RemindersScreen.swift */ = {isa = PBXFileReference; lastKnownFileType = sourcecode.swift; path = RemindersScreen.swift; sourceTree = "<group>"; };
		B4C0D252AB314DE281C8998C /* ShoppingListEntry.swift */ = {isa = PBXFileReference; lastKnownFileType = sourcecode.swift; path = ShoppingListEntry.swift; sourceTree = "<group>"; };
		B77301A3AC8942BCAEE5E6EA /* FamilyCalendarMonthView.swift */ = {isa = PBXFileReference; lastKnownFileType = sourcecode.swift; path = FamilyCalendarMonthView.swift; sourceTree = "<group>"; };
		C5388AF792D44C60929AB417 /* InviteQRSheet.swift */ = {isa = PBXFileReference; lastKnownFileType = sourcecode.swift; path = InviteQRSheet.swift; sourceTree = "<group>"; };
		C6615CE9183243A198876894 /* AppTab.swift */ = {isa = PBXFileReference; lastKnownFileType = sourcecode.swift; path = AppTab.swift; sourceTree = "<group>"; };
		C696421110CA4B83AE4EFD42 /* SelectDishSheet.swift */ = {isa = PBXFileReference; lastKnownFileType = sourcecode.swift; path = SelectDishSheet.swift; sourceTree = "<group>"; };
		C712AA2627244194A0865395 /* AuthSession.swift */ = {isa = PBXFileReference; lastKnownFileType = sourcecode.swift; path = AuthSession.swift; sourceTree = "<group>"; };
		C7B27A0FD7044463B3AADBC1 /* FamilyCalendarScreen.swift */ = {isa = PBXFileReference; lastKnownFileType = sourcecode.swift; path = FamilyCalendarScreen.swift; sourceTree = "<group>"; };
		CA45D9A9762444BF935F28BE /* ContentView.swift */ = {isa = PBXFileReference; lastKnownFileType = sourcecode.swift; path = ContentView.swift; sourceTree = "<group>"; };
		CC62320D35F94C989A9CDC19 /* PremiumConfig.swift */ = {isa = PBXFileReference; lastKnownFileType = sourcecode.swift; path = PremiumConfig.swift; sourceTree = "<group>"; };
		D29B87CA0CD94D3ABF1E04EA /* SyncReminderSheet.swift */ = {isa = PBXFileReference; lastKnownFileType = sourcecode.swift; path = SyncReminderSheet.swift; sourceTree = "<group>"; };
		D6AE697463404CD5818E5ABE /* RemindersWidget.swift */ = {isa = PBXFileReference; lastKnownFileType = sourcecode.swift; path = RemindersWidget.swift; sourceTree = "<group>"; };
		D9EBC0D88CD4448DA3449399 /* EconomiaScreen.swift */ = {isa = PBXFileReference; lastKnownFileType = sourcecode.swift; path = EconomiaScreen.swift; sourceTree = "<group>"; };
		E0AE4B0BD601433193C510CD /* FamilyOnboardingView.swift */ = {isa = PBXFileReference; lastKnownFileType = sourcecode.swift; path = FamilyOnboardingView.swift; sourceTree = "<group>"; };
		E150D9A69DF14649ABE87245 /* Reminder.swift */ = {isa = PBXFileReference; lastKnownFileType = sourcecode.swift; path = Reminder.swift; sourceTree = "<group>"; };
		E1966CE56EEC469BA91A6592 /* AddToShoppingListSheet.swift */ = {isa = PBXFileReference; lastKnownFileType = sourcecode.swift; path = AddToShoppingListSheet.swift; sourceTree = "<group>"; };
		E3B888FD1E8B4334A3C85A0A /* Dish.swift */ = {isa = PBXFileReference; lastKnownFileType = sourcecode.swift; path = Dish.swift; sourceTree = "<group>"; };
		E3BA4BEAFA634ABCADBD26C5 /* AliaroWidgetsExtension.appex */ = {isa = PBXFileReference; explicitFileType = "wrapper.app-extension"; includeInIndex = 0; path = AliaroWidgetsExtension.appex; sourceTree = BUILT_PRODUCTS_DIR; };
		E8D2F82FAD914AD09D832C3F /* HouseTaskDetailSheet.swift */ = {isa = PBXFileReference; lastKnownFileType = sourcecode.swift; path = HouseTaskDetailSheet.swift; sourceTree = "<group>"; };
		F0928A97FAD648A7A7E9BECE /* HouseTaskLog.swift */ = {isa = PBXFileReference; lastKnownFileType = sourcecode.swift; path = HouseTaskLog.swift; sourceTree = "<group>"; };
		F1AA0A046778445ABE8DF405 /* PushNotificationManager.swift */ = {isa = PBXFileReference; lastKnownFileType = sourcecode.swift; path = PushNotificationManager.swift; sourceTree = "<group>"; };
		F3194DDA8E874D48AB1C8AD2 /* QRScannerView.swift */ = {isa = PBXFileReference; lastKnownFileType = sourcecode.swift; path = QRScannerView.swift; sourceTree = "<group>"; };
		F7290FD81F7F45768052AC71 /* Aliaro.entitlements */ = {isa = PBXFileReference; lastKnownFileType = text.plist.entitlements; path = Aliaro.entitlements; sourceTree = "<group>"; };
		F98D1373186743C3AE6F84AF /* WeeklyMenu+Support.swift */ = {isa = PBXFileReference; lastKnownFileType = sourcecode.swift; path = "WeeklyMenu+Support.swift"; sourceTree = "<group>"; };
		FAA17B628B4C4513AFD4C4AB /* Aliaro.app */ = {isa = PBXFileReference; explicitFileType = wrapper.application; includeInIndex = 0; path = Aliaro.app; sourceTree = BUILT_PRODUCTS_DIR; };
		FBA77C170E3042E6B2A6A4C9 /* ALITypography.swift */ = {isa = PBXFileReference; lastKnownFileType = sourcecode.swift; path = ALITypography.swift; sourceTree = "<group>"; };
		FF99B2528E3641E7B36E457E /* AliaroWidgetsExtension.entitlements */ = {isa = PBXFileReference; lastKnownFileType = text.plist.entitlements; path = AliaroWidgetsExtension.entitlements; sourceTree = "<group>"; };
		FFDCD37B58804BBBA8374EEE /* Localizable.xcstrings */ = {isa = PBXFileReference; lastKnownFileType = text.json.xcstrings; path = Localizable.xcstrings; sourceTree = "<group>"; };
/* End PBXFileReference section */

/* Begin PBXFrameworksBuildPhase section */
		0278A7F50CC14A249CD4016D /* Frameworks */ = {
			isa = PBXFrameworksBuildPhase;
			buildActionMask = 2147483647;
			files = (
			);
			runOnlyForDeploymentPostprocessing = 0;
		};
		EDFB19B198B84CE3AC90F855 /* Frameworks */ = {
			isa = PBXFrameworksBuildPhase;
			buildActionMask = 2147483647;
			files = (
				0FEF33B016C6496BA9654921 /* Supabase in Frameworks */,
				56823178305C83AE004FC890 /* StoreKit.framework in Frameworks */,
			);
			runOnlyForDeploymentPostprocessing = 0;
		};
/* End PBXFrameworksBuildPhase section */

/* Begin PBXGroup section */
		0336E51D04FE49CC921D75CD /* Premium */ = {
			isa = PBXGroup;
			children = (
				1B73EEF76B2143A8945B204F /* PaywallView.swift */,
			);
			path = Premium;
			sourceTree = "<group>";
		};
		105D4848B2E1440C8EBA3464 /* Reminders */ = {
			isa = PBXGroup;
			children = (
				52FB442A1C0E4430A51C441E /* AddReminderSheet.swift */,
				B452D239D2904C60BFF5B3D0 /* RemindersScreen.swift */,
			);
			path = Reminders;
			sourceTree = "<group>";
		};
		13D598667C9E471C8D0BB4C8 /* Navigation */ = {
			isa = PBXGroup;
			children = (
				98A29B092FC640EBAFCBF626 /* ALIBottomBar.swift */,
				C6615CE9183243A198876894 /* AppTab.swift */,
				AD6451EDDE054E18959A1DA2 /* MainTabContainer.swift */,
			);
			path = Navigation;
			sourceTree = "<group>";
		};
		143C3DE92FB642D697FBF6DF /* AliaroShared */ = {
			isa = PBXGroup;
			children = (
				202E00A15A424A9A93A50BB4 /* AppGroup.swift */,
				3FCC1D686C504959BCC2F3DD /* WidgetSnapshot.swift */,
			);
			path = AliaroShared;
			sourceTree = "<group>";
		};
		195280C5FD7647F18D801678 /* Core */ = {
			isa = PBXGroup;
			children = (
				C712AA2627244194A0865395 /* AuthSession.swift */,
				72977E789C9D448AAA6E0026 /* DataSync.swift */,
				6D09CEADFD6347CEA3B0B383 /* DebugMockData.swift */,
				19676F5FC41843C88452F8CA /* FamilyService.swift */,
				716B6CB98E2A437598879BDD /* FamilySession.swift */,
				AA979B7C51B44ED081140E61 /* InviteLink.swift */,
				CC62320D35F94C989A9CDC19 /* PremiumConfig.swift */,
				2C26F4B0104240CA867E499C /* PremiumFeature.swift */,
				38FFD0065B5B4FC799DDA788 /* PremiumManager.swift */,
				F1AA0A046778445ABE8DF405 /* PushNotificationManager.swift */,
				F3194DDA8E874D48AB1C8AD2 /* QRScannerView.swift */,
				12363BF580E045A8B8C4B0B6 /* RemoteSync.swift */,
				9146362A6E6A4035A9F7061A /* SubscriptionManager.swift */,
				574D8A2B44974D6C841764A7 /* Supabase.swift */,
				AD745CA6128742F58ABE329F /* SupabaseConfig.swift */,
				40A5026E90994D8CA07BF1C8 /* WidgetSnapshotWriter.swift */,
			);
			path = Core;
			sourceTree = "<group>";
		};
		2FB284E3D9FE40459876C293 /* Models */ = {
			isa = PBXGroup;
			children = (
				90EF3377C965474796E5B4C9 /* ActivityLogEntry.swift */,
				E3B888FD1E8B4334A3C85A0A /* Dish.swift */,
				1C6D3F4EE1E54D8E857C1CA2 /* Expense.swift */,
				06F02798BF3B4CE39E2D5582 /* ExpenseCategory.swift */,
				58981245DEFF45DFBB75102F /* FamilyEvent.swift */,
				0618D5D96C064818B115E1DC /* FamilyMember.swift */,
				1AB73C8E420F4E7F8CE61852 /* FamilyPermission.swift */,
				98A50B1E519945218B70C108 /* GroceryItem.swift */,
				7A1F80C5F07843129C20FA91 /* HouseTask.swift */,
				F0928A97FAD648A7A7E9BECE /* HouseTaskLog.swift */,
				42BC4480B6CA4A43B35FC91B /* MealPlanEntry.swift */,
				E150D9A69DF14649ABE87245 /* Reminder.swift */,
				9188170E472443DA97A6555E /* ShoppingList.swift */,
				B4C0D252AB314DE281C8998C /* ShoppingListEntry.swift */,
			);
			path = Models;
			sourceTree = "<group>";
		};
		38D819EB74A34C509A180D3D /* WeeklyMenu */ = {
			isa = PBXGroup;
			children = (
				87D94AEBF0F641DA95C52B25 /* EditDayMealsSheet.swift */,
				C696421110CA4B83AE4EFD42 /* SelectDishSheet.swift */,
				F98D1373186743C3AE6F84AF /* WeeklyMenu+Support.swift */,
				6FD7A5D39BAA4D4D8BBADBF3 /* WeeklyMenuScreen.swift */,
			);
			path = WeeklyMenu;
			sourceTree = "<group>";
		};
		56823176305C83AD004FC890 /* Frameworks */ = {
			isa = PBXGroup;
			children = (
				56823177305C83AD004FC890 /* StoreKit.framework */,
			);
			name = Frameworks;
			sourceTree = "<group>";
		};
		5E692FDD29D24E668325DC56 /* Onboarding */ = {
			isa = PBXGroup;
			children = (
				2916850968524D0182F92F32 /* AppIntroView.swift */,
				864CE2F4A6C44E61A8218D24 /* CreateFamilySheet.swift */,
				E0AE4B0BD601433193C510CD /* FamilyOnboardingView.swift */,
				A113E026BD26481B99E134F8 /* NameEntrySheet.swift */,
			);
			path = Onboarding;
			sourceTree = "<group>";
		};
		66DB0619BCCF4E7AB345110F /* Aliaro */ = {
			isa = PBXGroup;
			children = (
				F7290FD81F7F45768052AC71 /* Aliaro.entitlements */,
				8FA9B62DD3D0482A9196F6F5 /* AliaroApp.swift */,
				55B8BA9AEDC3444BBBF403D9 /* Assets.xcassets */,
				CA45D9A9762444BF935F28BE /* ContentView.swift */,
				FFDCD37B58804BBBA8374EEE /* Localizable.xcstrings */,
				0E4758F79B9B44A68FEC9A89 /* Products.storekit */,
				195280C5FD7647F18D801678 /* Core */,
				B01A75C8CE9645B59243F67B /* DesignSystem */,
				838C11B7207040EFAC116A6F /* Features */,
				2FB284E3D9FE40459876C293 /* Models */,
				13D598667C9E471C8D0BB4C8 /* Navigation */,
			);
			path = Aliaro;
			sourceTree = "<group>";
		};
		6D68F50690314D93829540D8 = {
			isa = PBXGroup;
			children = (
				66DB0619BCCF4E7AB345110F /* Aliaro */,
				143C3DE92FB642D697FBF6DF /* AliaroShared */,
				F956D97DA37C4864AB85F7FC /* AliaroWidgets */,
				56823176305C83AD004FC890 /* Frameworks */,
				818840976DA64EA79BD25E75 /* Products */,
			);
			sourceTree = "<group>";
		};
		818840976DA64EA79BD25E75 /* Products */ = {
			isa = PBXGroup;
			children = (
				FAA17B628B4C4513AFD4C4AB /* Aliaro.app */,
				E3BA4BEAFA634ABCADBD26C5 /* AliaroWidgetsExtension.appex */,
			);
			name = Products;
			sourceTree = "<group>";
		};
		838C11B7207040EFAC116A6F /* Features */ = {
			isa = PBXGroup;
			children = (
				B1BB33865BEA44B0A8D40FCF /* Economia */,
				B1F3B9F691DD46D195B8EA18 /* FamilyCalendar */,
				940DB6FB87FC4A019FE78C56 /* HouseTasks */,
				5E692FDD29D24E668325DC56 /* Onboarding */,
				B1B37EE4EB1C400E808FABD5 /* People */,
				0336E51D04FE49CC921D75CD /* Premium */,
				105D4848B2E1440C8EBA3464 /* Reminders */,
				D8A1223257E24A3DBC444292 /* ShoppingList */,
				DE65B13C1C3446E9AC3E7B5A /* Splash */,
				38D819EB74A34C509A180D3D /* WeeklyMenu */,
			);
			path = Features;
			sourceTree = "<group>";
		};
		940DB6FB87FC4A019FE78C56 /* HouseTasks */ = {
			isa = PBXGroup;
			children = (
				50450113098849599E44F889 /* AddHouseTaskSheet.swift */,
				E8D2F82FAD914AD09D832C3F /* HouseTaskDetailSheet.swift */,
				AF14E4F4E3454466B70CE81D /* HouseTasksCalendarView.swift */,
				1D813528E2634BFE87B83D51 /* HouseTasksScreen.swift */,
			);
			path = HouseTasks;
			sourceTree = "<group>";
		};
		B01A75C8CE9645B59243F67B /* DesignSystem */ = {
			isa = PBXGroup;
			children = (
				64CE33FAEAA347108B51E3D3 /* ALIColors.swift */,
				3F9AC1CD956B467AACAAB74B /* ALIComponents.swift */,
				FBA77C170E3042E6B2A6A4C9 /* ALITypography.swift */,
				3241F73CBDE44D24A9D4BEA8 /* AliaroWordmark.swift */,
			);
			path = DesignSystem;
			sourceTree = "<group>";
		};
		B1B37EE4EB1C400E808FABD5 /* People */ = {
			isa = PBXGroup;
			children = (
				341F1E438AC94EFBA7ECCD8C /* AppFeaturesSheet.swift */,
				989E50684B514ADF82EA065F /* HistorialSheet.swift */,
				C5388AF792D44C60929AB417 /* InviteQRSheet.swift */,
				0DF77F4ABC1B43A4BB5012B0 /* JoinByCodeSheet.swift */,
				A49D4CCF54374904A0FC2274 /* JoinByQRSheet.swift */,
				4B867194FD2E4A4BBF87109E /* LoginSheet.swift */,
				8BA4F8AC06884B71BF724C9D /* MemberPermissionsSheet.swift */,
				B11A24A774FB4AB8B721534B /* PeopleScreen.swift */,
				D29B87CA0CD94D3ABF1E04EA /* SyncReminderSheet.swift */,
			);
			path = People;
			sourceTree = "<group>";
		};
		B1BB33865BEA44B0A8D40FCF /* Economia */ = {
			isa = PBXGroup;
			children = (
				1930B3A3BBDB43C5BDE9FA58 /* AddExpenseSheet.swift */,
				D9EBC0D88CD4448DA3449399 /* EconomiaScreen.swift */,
				65B855A8DE744B6194F71896 /* EconomiaStatsScreen.swift */,
			);
			path = Economia;
			sourceTree = "<group>";
		};
		B1F3B9F691DD46D195B8EA18 /* FamilyCalendar */ = {
			isa = PBXGroup;
			children = (
				41040D8EC3AC4618A560C961 /* AddFamilyEventSheet.swift */,
				B77301A3AC8942BCAEE5E6EA /* FamilyCalendarMonthView.swift */,
				C7B27A0FD7044463B3AADBC1 /* FamilyCalendarScreen.swift */,
			);
			path = FamilyCalendar;
			sourceTree = "<group>";
		};
		D8A1223257E24A3DBC444292 /* ShoppingList */ = {
			isa = PBXGroup;
			children = (
				E1966CE56EEC469BA91A6592 /* AddToShoppingListSheet.swift */,
				6B4986E5D8774DE6834C082F /* ShoppingListScreen.swift */,
			);
			path = ShoppingList;
			sourceTree = "<group>";
		};
		DE65B13C1C3446E9AC3E7B5A /* Splash */ = {
			isa = PBXGroup;
			children = (
				951ACC913A1E46B8AC9F9232 /* SplashView.swift */,
			);
			path = Splash;
			sourceTree = "<group>";
		};
		F956D97DA37C4864AB85F7FC /* AliaroWidgets */ = {
			isa = PBXGroup;
			children = (
				675708E4CB3B4FC1B5CB0E16 /* AliaroWidgetsBundle.swift */,
				FF99B2528E3641E7B36E457E /* AliaroWidgetsExtension.entitlements */,
				B1ADF3C5691B4135A6A9B04B /* FamilyCalendarWidget.swift */,
				952CEE3A8D684761BA187334 /* Info.plist */,
				D6AE697463404CD5818E5ABE /* RemindersWidget.swift */,
				5D3E2B532DA1421690CEB486 /* TodayMenuWidget.swift */,
			);
			path = AliaroWidgets;
			sourceTree = "<group>";
		};
/* End PBXGroup section */

/* Begin PBXNativeTarget section */
		50A3FCBD0B734C24A8BBA281 /* AliaroWidgetsExtension */ = {
			isa = PBXNativeTarget;
			buildConfigurationList = ABF76E2E95A24CF4B10EEE28 /* Build configuration list for PBXNativeTarget "AliaroWidgetsExtension" */;
			buildPhases = (
				ACEFB4A52E364781A1341095 /* Sources */,
				0278A7F50CC14A249CD4016D /* Frameworks */,
				DB77B6A166AA449C8140A461 /* Resources */,
			);
			buildRules = (
			);
			dependencies = (
			);
			name = AliaroWidgetsExtension;
			productName = AliaroWidgetsExtension;
			productReference = E3BA4BEAFA634ABCADBD26C5 /* AliaroWidgetsExtension.appex */;
			productType = "com.apple.product-type.app-extension";
		};
		54C09DDCAF634A8D99B25D81 /* Aliaro */ = {
			isa = PBXNativeTarget;
			buildConfigurationList = 3970917891F344248D624B5C /* Build configuration list for PBXNativeTarget "Aliaro" */;
			buildPhases = (
				0579C0C9968344DBBCADF458 /* Sources */,
				EDFB19B198B84CE3AC90F855 /* Frameworks */,
				A17131059E0843D1930088B9 /* Resources */,
				B10B66607ABC48508BE2E24E /* Embed Foundation Extensions */,
			);
			buildRules = (
			);
			dependencies = (
				7194E8B22C4C4A53BD227B6F /* PBXTargetDependency */,
			);
			name = Aliaro;
			packageProductDependencies = (
				B7B7056AAFC64E8A9BC4C390 /* Supabase */,
			);
			productName = Aliaro;
			productReference = FAA17B628B4C4513AFD4C4AB /* Aliaro.app */;
			productType = "com.apple.product-type.application";
		};
/* End PBXNativeTarget section */

/* Begin PBXProject section */
		67AEB043F83D46DAB3BD4FBB /* Project object */ = {
			isa = PBXProject;
			attributes = {
				BuildIndependentTargetsInParallel = 1;
				LastSwiftUpdateCheck = 1600;
				LastUpgradeCheck = 1600;
				TargetAttributes = {
					50A3FCBD0B734C24A8BBA281 = {
						CreatedOnToolsVersion = 16.0;
						SystemCapabilities = {
							com.apple.ApplicationGroups.iOS = {
								enabled = 1;
							};
						};
					};
					54C09DDCAF634A8D99B25D81 = {
						CreatedOnToolsVersion = 16.0;
						SystemCapabilities = {
							com.apple.ApplicationGroups.iOS = {
								enabled = 1;
							};
						};
					};
				};
			};
			buildConfigurationList = 321F9E33839C41C4AB7FFA2F /* Build configuration list for PBXProject "Aliaro" */;
			compatibilityVersion = "Xcode 14.0";
			developmentRegion = en;
			hasScannedForEncodings = 0;
			knownRegions = (
				en,
				es,
				Base,
			);
			mainGroup = 6D68F50690314D93829540D8;
			packageReferences = (
				A56F89819A404671B230D90A /* XCRemoteSwiftPackageReference "supabase-swift" */,
			);
			productRefGroup = 818840976DA64EA79BD25E75 /* Products */;
			projectDirPath = "";
			projectRoot = "";
			targets = (
				54C09DDCAF634A8D99B25D81 /* Aliaro */,
				50A3FCBD0B734C24A8BBA281 /* AliaroWidgetsExtension */,
			);
		};
/* End PBXProject section */

/* Begin PBXResourcesBuildPhase section */
		A17131059E0843D1930088B9 /* Resources */ = {
			isa = PBXResourcesBuildPhase;
			buildActionMask = 2147483647;
			files = (
				C51AE572532D4E1EB5E9859C /* Assets.xcassets in Resources */,
				016A0BECA2EF4D429D7CDD52 /* Localizable.xcstrings in Resources */,
			);
			runOnlyForDeploymentPostprocessing = 0;
		};
		DB77B6A166AA449C8140A461 /* Resources */ = {
			isa = PBXResourcesBuildPhase;
			buildActionMask = 2147483647;
			files = (
			);
			runOnlyForDeploymentPostprocessing = 0;
		};
/* End PBXResourcesBuildPhase section */

/* Begin PBXSourcesBuildPhase section */
		0579C0C9968344DBBCADF458 /* Sources */ = {
			isa = PBXSourcesBuildPhase;
			buildActionMask = 2147483647;
			files = (
				7646962431434B0283F5C300 /* AliaroApp.swift in Sources */,
				C13ADA6F978B4B4CAC3F621D /* ContentView.swift in Sources */,
				9834DC4227014654B1F1C94A /* AuthSession.swift in Sources */,
				1F203A852CD44382BD1B3E3D /* DataSync.swift in Sources */,
				B9301CAE5CCB4BEABFB1E016 /* DebugMockData.swift in Sources */,
				34D455782F3740A0A9E24C08 /* FamilyService.swift in Sources */,
				616E9D31826445C4860641D9 /* FamilySession.swift in Sources */,
				4AABC52C77224138B14984D3 /* InviteLink.swift in Sources */,
				D0D67F3DE22A4E7492F20D7C /* PremiumConfig.swift in Sources */,
				37CD90E60ADD465DA2BFE180 /* PremiumFeature.swift in Sources */,
				5F2B9ABB70E84CD295F76D38 /* PremiumManager.swift in Sources */,
				81FC6452FCD146E59A8F1477 /* PushNotificationManager.swift in Sources */,
				29C930058E2F4706935D74D3 /* QRScannerView.swift in Sources */,
				6A7A5D52F04444C2A0C8D531 /* RemoteSync.swift in Sources */,
				FC063E9FF5C1427A9CFBB21B /* SubscriptionManager.swift in Sources */,
				B825FF90215046208AFD7469 /* Supabase.swift in Sources */,
				C291EB5035B8452DB9AA66C4 /* SupabaseConfig.swift in Sources */,
				DD1BC5C67ACB4AF2832AFF18 /* WidgetSnapshotWriter.swift in Sources */,
				70D4C414F9C44EDE86182357 /* ALIColors.swift in Sources */,
				7D497E2BC09842BD8AB10CBB /* ALIComponents.swift in Sources */,
				E0D24CD2A820452789DA5362 /* ALITypography.swift in Sources */,
				3064043252C946E088893D0A /* AliaroWordmark.swift in Sources */,
				480BC50DA5B14BAA823BF8C7 /* AddExpenseSheet.swift in Sources */,
				94A578B2335E423DA118B5F8 /* EconomiaScreen.swift in Sources */,
				261CCC2A3EF844F6836C18DB /* EconomiaStatsScreen.swift in Sources */,
				E0E72A52AA6C4FC2BCB6758B /* AddFamilyEventSheet.swift in Sources */,
				C6485C610FEF4D0C88F39E6A /* FamilyCalendarMonthView.swift in Sources */,
				2D3C6B18635C4613A46A3FA8 /* FamilyCalendarScreen.swift in Sources */,
				6FC97B321A564E91ADB8195D /* AddHouseTaskSheet.swift in Sources */,
				9F61F16C9B304EFC99275534 /* HouseTaskDetailSheet.swift in Sources */,
				B0997E22B1374EDAB6D20315 /* HouseTasksCalendarView.swift in Sources */,
				84EB5634A8F143B1B3C357C6 /* HouseTasksScreen.swift in Sources */,
				740AED5CC073498EB01897F1 /* AppIntroView.swift in Sources */,
				C682F262286A458EAC93CB2C /* CreateFamilySheet.swift in Sources */,
				35C4F66CD7284D678EE72EC9 /* FamilyOnboardingView.swift in Sources */,
				E5CC3E773ACB4A92ACAA43C7 /* NameEntrySheet.swift in Sources */,
				75D9B0A76ACF46E096887DD5 /* AppFeaturesSheet.swift in Sources */,
				384F25A4258E49C8A09A3013 /* HistorialSheet.swift in Sources */,
				8F3F1123F36E4F96BDC7FE0E /* InviteQRSheet.swift in Sources */,
				AE606C87A0D54D4A8EBE22B8 /* JoinByCodeSheet.swift in Sources */,
				B2C13CDEED4E49A9B9C21F62 /* JoinByQRSheet.swift in Sources */,
				C259D4E667334971A82C45A1 /* LoginSheet.swift in Sources */,
				D567634374DA4748B3373FA1 /* MemberPermissionsSheet.swift in Sources */,
				BEDB22B44C7343F68369B085 /* PeopleScreen.swift in Sources */,
				6C643BE58A6844249A43667B /* SyncReminderSheet.swift in Sources */,
				2A347D95CF92434C93B3B9D5 /* PaywallView.swift in Sources */,
				E04E8A33067F49ADA469A788 /* AddReminderSheet.swift in Sources */,
				D7ABEC4DEDC24A1BAD5D8C2D /* RemindersScreen.swift in Sources */,
				63BB2FA51F1648D9A985CDC1 /* AddToShoppingListSheet.swift in Sources */,
				F80EFFF8EA38430EB653D237 /* ShoppingListScreen.swift in Sources */,
				03DA76FD55F247DFA877C2FA /* SplashView.swift in Sources */,
				7BFB984B183B4FCAB2221985 /* EditDayMealsSheet.swift in Sources */,
				AE1640165193432882F90258 /* SelectDishSheet.swift in Sources */,
				D10069D1689D4EB488C19A00 /* WeeklyMenu+Support.swift in Sources */,
				DC5494D2046A48F9A263DB7C /* WeeklyMenuScreen.swift in Sources */,
				EB3430E128264AAB9D99A476 /* ActivityLogEntry.swift in Sources */,
				4C8751468E654CB88F89E41B /* Dish.swift in Sources */,
				F19EE820377F41EBA38F16E6 /* Expense.swift in Sources */,
				5E830FDF0E83431B91A52E9B /* ExpenseCategory.swift in Sources */,
				3C06D45B3E7D490F967A3B54 /* FamilyEvent.swift in Sources */,
				6972716B9FDB4B22B61E4389 /* FamilyMember.swift in Sources */,
				02557DF681104359A618802C /* FamilyPermission.swift in Sources */,
				CF488043869D4CA3866C9397 /* GroceryItem.swift in Sources */,
				AFEC69368D7B45F19B2E0B2F /* HouseTask.swift in Sources */,
				AA25596E2B444B859D619A74 /* HouseTaskLog.swift in Sources */,
				050306AF54B94C7F8A81F901 /* MealPlanEntry.swift in Sources */,
				74BB8D839C1C445FB42DB991 /* Reminder.swift in Sources */,
				3767B1DE764341D3A9BAB0EC /* ShoppingList.swift in Sources */,
				39FEF7CE34694A988A0BC0CA /* ShoppingListEntry.swift in Sources */,
				241E90A305BF4BCEB8B36200 /* ALIBottomBar.swift in Sources */,
				B74E9A12A0554319A84A9AD8 /* AppTab.swift in Sources */,
				037C45843DB04956A0327D19 /* MainTabContainer.swift in Sources */,
				1878DEB47B9247BDB3F1E620 /* AppGroup.swift in Sources */,
				44C8E9540A5941E8ABE82C33 /* WidgetSnapshot.swift in Sources */,
			);
			runOnlyForDeploymentPostprocessing = 0;
		};
		ACEFB4A52E364781A1341095 /* Sources */ = {
			isa = PBXSourcesBuildPhase;
			buildActionMask = 2147483647;
			files = (
				4226FC95F44C4CB28DA0F013 /* AppGroup.swift in Sources */,
				FCDD9441683A423F95D123C5 /* WidgetSnapshot.swift in Sources */,
				77C0B734D89D426EA2921CE0 /* AliaroWidgetsBundle.swift in Sources */,
				DB0B53D8EAEB4050AC09628B /* FamilyCalendarWidget.swift in Sources */,
				648B27B9EFE44DF0826D13FB /* RemindersWidget.swift in Sources */,
				A1DF75307CC64758874AE7DA /* TodayMenuWidget.swift in Sources */,
			);
			runOnlyForDeploymentPostprocessing = 0;
		};
/* End PBXSourcesBuildPhase section */

/* Begin PBXTargetDependency section */
		7194E8B22C4C4A53BD227B6F /* PBXTargetDependency */ = {
			isa = PBXTargetDependency;
			target = 50A3FCBD0B734C24A8BBA281 /* AliaroWidgetsExtension */;
			targetProxy = 6E4058B56FBB42DBB2DC3B6D /* PBXContainerItemProxy */;
		};
/* End PBXTargetDependency section */

/* Begin XCBuildConfiguration section */
		054A9F810E24421C83F0194E /* Release */ = {
			isa = XCBuildConfiguration;
			buildSettings = {
				ALWAYS_SEARCH_USER_PATHS = NO;
				CLANG_ANALYZER_NONNULL = YES;
				CLANG_ENABLE_MODULES = YES;
				CLANG_ENABLE_OBJC_ARC = YES;
				CLANG_WARN_DOCUMENTATION_COMMENTS = YES;
				COPY_PHASE_STRIP = NO;
				DEBUG_INFORMATION_FORMAT = "dwarf-with-dsym";
				ENABLE_NS_ASSERTIONS = NO;
				ENABLE_STRICT_OBJC_MSGSEND = YES;
				GCC_C_LANGUAGE_STANDARD = gnu17;
				GCC_NO_COMMON_BLOCKS = YES;
				IPHONEOS_DEPLOYMENT_TARGET = 17.0;
				MTL_ENABLE_DEBUG_INFO = NO;
				MTL_FAST_MATH = YES;
				SDKROOT = iphoneos;
				SWIFT_COMPILATION_MODE = wholemodule;
				SWIFT_OPTIMIZATION_LEVEL = "-O";
				SWIFT_VERSION = 5.0;
				VALIDATE_PRODUCT = YES;
			};
			name = Release;
		};
		40AED3B7FEE44EB2A0F9DDAC /* Debug */ = {
			isa = XCBuildConfiguration;
			buildSettings = {
				APP_GROUP_ID = group.com.devaro.aliaro.dev;
				ASSETCATALOG_COMPILER_APPICON_NAME = AppIcon;
				ASSETCATALOG_COMPILER_GLOBAL_ACCENT_COLOR_NAME = AccentColor;
				CODE_SIGN_ENTITLEMENTS = Aliaro/Aliaro.entitlements;
				CODE_SIGN_STYLE = Automatic;
				CURRENT_PROJECT_VERSION = 5;
				DEVELOPMENT_ASSET_PATHS = "";
				DEVELOPMENT_TEAM = P88UK832W4;
				ENABLE_PREVIEWS = YES;
				GENERATE_INFOPLIST_FILE = YES;
				INFOPLIST_KEY_CFBundleDisplayName = "Aliaro Dev";
				INFOPLIST_KEY_CFBundleURLTypes = "{\n    CFBundleTypeRole = Editor;\n    CFBundleURLSchemes =     (\n        aliaro\n    );\n}";
				INFOPLIST_KEY_NSCameraUsageDescription = "Aliaro necesita la cámara para escanear el código QR de invitación al grupo familiar.";
				INFOPLIST_KEY_UIApplicationSceneManifest_Generation = YES;
				INFOPLIST_KEY_UIApplicationSupportsIndirectInputEvents = YES;
				INFOPLIST_KEY_UILaunchScreen_Generation = YES;
				INFOPLIST_KEY_UIStatusBarStyle = UIStatusBarStyleDefault;
				INFOPLIST_KEY_UISupportedInterfaceOrientations_iPhone = UIInterfaceOrientationPortrait;
				LD_RUNPATH_SEARCH_PATHS = (
					"$(inherited)",
					"@executable_path/Frameworks",
				);
				MARKETING_VERSION = 0.0.5;
				PRODUCT_BUNDLE_IDENTIFIER = com.devaro.aliaro.dev;
				PRODUCT_NAME = "$(TARGET_NAME)";
				SWIFT_EMIT_LOC_STRINGS = YES;
				SWIFT_VERSION = 5.0;
				TARGETED_DEVICE_FAMILY = 1;
			};
			name = Debug;
		};
		65F054DE52D648A09635DA7A /* Debug */ = {
			isa = XCBuildConfiguration;
			buildSettings = {
				ALWAYS_SEARCH_USER_PATHS = NO;
				CLANG_ANALYZER_NONNULL = YES;
				CLANG_ENABLE_MODULES = YES;
				CLANG_ENABLE_OBJC_ARC = YES;
				CLANG_WARN_DOCUMENTATION_COMMENTS = YES;
				COPY_PHASE_STRIP = NO;
				DEBUG_INFORMATION_FORMAT = dwarf;
				ENABLE_STRICT_OBJC_MSGSEND = YES;
				ENABLE_TESTABILITY = YES;
				GCC_C_LANGUAGE_STANDARD = gnu17;
				GCC_DYNAMIC_NO_PIC = NO;
				GCC_NO_COMMON_BLOCKS = YES;
				GCC_OPTIMIZATION_LEVEL = 0;
				GCC_PREPROCESSOR_DEFINITIONS = (
					"DEBUG=1",
					"$(inherited)",
				);
				IPHONEOS_DEPLOYMENT_TARGET = 17.0;
				MTL_ENABLE_DEBUG_INFO = INCLUDE_SOURCE;
				MTL_FAST_MATH = YES;
				ONLY_ACTIVE_ARCH = YES;
				SDKROOT = iphoneos;
				SWIFT_ACTIVE_COMPILATION_CONDITIONS = DEBUG;
				SWIFT_OPTIMIZATION_LEVEL = "-Onone";
				SWIFT_VERSION = 5.0;
			};
			name = Debug;
		};
		D394FE0A470C46DA88F1CE95 /* Debug */ = {
			isa = XCBuildConfiguration;
			buildSettings = {
				APP_GROUP_ID = group.com.devaro.aliaro.dev;
				CODE_SIGN_ENTITLEMENTS = AliaroWidgets/AliaroWidgetsExtension.entitlements;
				CODE_SIGN_STYLE = Automatic;
				CURRENT_PROJECT_VERSION = 3;
				DEVELOPMENT_TEAM = P88UK832W4;
				INFOPLIST_FILE = AliaroWidgets/Info.plist;
				IPHONEOS_DEPLOYMENT_TARGET = 17.0;
				LD_RUNPATH_SEARCH_PATHS = (
					"$(inherited)",
					"@executable_path/Frameworks",
					"@executable_path/../../Frameworks",
				);
				MARKETING_VERSION = 0.0.4;
				PRODUCT_BUNDLE_IDENTIFIER = com.devaro.aliaro.dev.widgets;
				PRODUCT_NAME = "$(TARGET_NAME)";
				SKIP_INSTALL = YES;
				SWIFT_EMIT_LOC_STRINGS = YES;
				SWIFT_VERSION = 5.0;
				TARGETED_DEVICE_FAMILY = 1;
			};
			name = Debug;
		};
		E00A53D51DD94C90A6C65FC9 /* Release */ = {
			isa = XCBuildConfiguration;
			buildSettings = {
				APP_GROUP_ID = group.com.devaro.aliaro;
				ASSETCATALOG_COMPILER_APPICON_NAME = AppIcon;
				ASSETCATALOG_COMPILER_GLOBAL_ACCENT_COLOR_NAME = AccentColor;
				CODE_SIGN_ENTITLEMENTS = Aliaro/Aliaro.entitlements;
				CODE_SIGN_STYLE = Automatic;
				CURRENT_PROJECT_VERSION = 5;
				DEVELOPMENT_ASSET_PATHS = "";
				DEVELOPMENT_TEAM = P88UK832W4;
				ENABLE_PREVIEWS = YES;
				GENERATE_INFOPLIST_FILE = YES;
				INFOPLIST_KEY_CFBundleDisplayName = Aliaro;
				INFOPLIST_KEY_CFBundleURLTypes = "{\n    CFBundleTypeRole = Editor;\n    CFBundleURLSchemes =     (\n        aliaro\n    );\n}";
				INFOPLIST_KEY_NSCameraUsageDescription = "Aliaro necesita la cámara para escanear el código QR de invitación al grupo familiar.";
				INFOPLIST_KEY_UIApplicationSceneManifest_Generation = YES;
				INFOPLIST_KEY_UIApplicationSupportsIndirectInputEvents = YES;
				INFOPLIST_KEY_UILaunchScreen_Generation = YES;
				INFOPLIST_KEY_UIStatusBarStyle = UIStatusBarStyleDefault;
				INFOPLIST_KEY_UISupportedInterfaceOrientations_iPhone = UIInterfaceOrientationPortrait;
				LD_RUNPATH_SEARCH_PATHS = (
					"$(inherited)",
					"@executable_path/Frameworks",
				);
				MARKETING_VERSION = 0.0.5;
				PRODUCT_BUNDLE_IDENTIFIER = com.devaro.aliaro;
				PRODUCT_NAME = "$(TARGET_NAME)";
				SWIFT_EMIT_LOC_STRINGS = YES;
				SWIFT_VERSION = 5.0;
				TARGETED_DEVICE_FAMILY = 1;
			};
			name = Release;
		};
		F32ADBCFB08948059364C2A3 /* Release */ = {
			isa = XCBuildConfiguration;
			buildSettings = {
				APP_GROUP_ID = group.com.devaro.aliaro;
				CODE_SIGN_ENTITLEMENTS = AliaroWidgets/AliaroWidgetsExtension.entitlements;
				CODE_SIGN_STYLE = Automatic;
				CURRENT_PROJECT_VERSION = 3;
				DEVELOPMENT_TEAM = P88UK832W4;
				INFOPLIST_FILE = AliaroWidgets/Info.plist;
				IPHONEOS_DEPLOYMENT_TARGET = 17.0;
				LD_RUNPATH_SEARCH_PATHS = (
					"$(inherited)",
					"@executable_path/Frameworks",
					"@executable_path/../../Frameworks",
				);
				MARKETING_VERSION = 0.0.4;
				PRODUCT_BUNDLE_IDENTIFIER = com.devaro.aliaro.widgets;
				PRODUCT_NAME = "$(TARGET_NAME)";
				SKIP_INSTALL = YES;
				SWIFT_EMIT_LOC_STRINGS = YES;
				SWIFT_VERSION = 5.0;
				TARGETED_DEVICE_FAMILY = 1;
			};
			name = Release;
		};
/* End XCBuildConfiguration section */

/* Begin XCConfigurationList section */
		321F9E33839C41C4AB7FFA2F /* Build configuration list for PBXProject "Aliaro" */ = {
			isa = XCConfigurationList;
			buildConfigurations = (
				65F054DE52D648A09635DA7A /* Debug */,
				054A9F810E24421C83F0194E /* Release */,
			);
			defaultConfigurationIsVisible = 0;
			defaultConfigurationName = Release;
		};
		3970917891F344248D624B5C /* Build configuration list for PBXNativeTarget "Aliaro" */ = {
			isa = XCConfigurationList;
			buildConfigurations = (
				40AED3B7FEE44EB2A0F9DDAC /* Debug */,
				E00A53D51DD94C90A6C65FC9 /* Release */,
			);
			defaultConfigurationIsVisible = 0;
			defaultConfigurationName = Release;
		};
		ABF76E2E95A24CF4B10EEE28 /* Build configuration list for PBXNativeTarget "AliaroWidgetsExtension" */ = {
			isa = XCConfigurationList;
			buildConfigurations = (
				D394FE0A470C46DA88F1CE95 /* Debug */,
				F32ADBCFB08948059364C2A3 /* Release */,
			);
			defaultConfigurationIsVisible = 0;
			defaultConfigurationName = Release;
		};
/* End XCConfigurationList section */

/* Begin XCRemoteSwiftPackageReference section */
		A56F89819A404671B230D90A /* XCRemoteSwiftPackageReference "supabase-swift" */ = {
			isa = XCRemoteSwiftPackageReference;
			repositoryURL = "https://github.com/supabase/supabase-swift";
			requirement = {
				kind = upToNextMajorVersion;
				minimumVersion = 2.55.1;
			};
		};
/* End XCRemoteSwiftPackageReference section */

/* Begin XCSwiftPackageProductDependency section */
		B7B7056AAFC64E8A9BC4C390 /* Supabase */ = {
			isa = XCSwiftPackageProductDependency;
			package = A56F89819A404671B230D90A /* XCRemoteSwiftPackageReference "supabase-swift" */;
			productName = Supabase;
		};
/* End XCSwiftPackageProductDependency section */
	};
	rootObject = 67AEB043F83D46DAB3BD4FBB /* Project object */;
}
